// !$*UTF8*$!
{
	archiveVersion = 1;
	classes = {
	};
	objectVersion = 55;
	objects = {

/* Begin PBXBuildFile section */
		405D39702BD6D8EB00F19347 /* AppDelegate.swift in Sources */ = {isa = PBXBuildFile; fileRef = 405D396F2BD6D8EB00F19347 /* AppDelegate.swift */; };
		405D39722BD6D8EB00F19347 /* SceneDelegate.swift in Sources */ = {isa = PBXBuildFile; fileRef = 405D39712BD6D8EB00F19347 /* SceneDelegate.swift */; };
		405D39772BD6D8EB00F19347 /* Base in Resources */ = {isa = PBXBuildFile; fileRef = 405D39762BD6D8EB00F19347 /* Base */; };
		405D39792BD6D8EC00F19347 /* Assets.xcassets in Resources */ = {isa = PBXBuildFile; fileRef = 405D39782BD6D8EC00F19347 /* Assets.xcassets */; };
		405D397C2BD6D8EC00F19347 /* Base in Resources */ = {isa = PBXBuildFile; fileRef = 405D397B2BD6D8EC00F19347 /* Base */; };
		405D39872BD6D8ED00F19347 /* iOS_App_Final_xCodeTests.swift in Sources */ = {isa = PBXBuildFile; fileRef = 405D39862BD6D8ED00F19347 /* iOS_App_Final_xCodeTests.swift */; };
		405D39912BD6D8ED00F19347 /* iOS_App_Final_xCodeUITests.swift in Sources */ = {isa = PBXBuildFile; fileRef = 405D39902BD6D8ED00F19347 /* iOS_App_Final_xCodeUITests.swift */; };
		405D39932BD6D8ED00F19347 /* iOS_App_Final_xCodeUITestsLaunchTests.swift in Sources */ = {isa = PBXBuildFile; fileRef = 405D39922BD6D8ED00F19347 /* iOS_App_Final_xCodeUITestsLaunchTests.swift */; };
		405D3AA72BDC939200F19347 /* CheckOutCards.swift in Sources */ = {isa = PBXBuildFile; fileRef = 405D3AA62BDC939200F19347 /* CheckOutCards.swift */; };
		40E3D9E12BDF3EBA0070629A /* CheckOutList.swift in Sources */ = {isa = PBXBuildFile; fileRef = 40E3D9E02BDF3EBA0070629A /* CheckOutList.swift */; };
		40E3D9E32BE1DC9A0070629A /* CheckOutButton.swift in Sources */ = {isa = PBXBuildFile; fileRef = 40E3D9E22BE1DC9A0070629A /* CheckOutButton.swift */; };
		40E3D9E62BE1F5890070629A /* CartView.swift in Sources */ = {isa = PBXBuildFile; fileRef = 40E3D9E52BE1F5890070629A /* CartView.swift */; };
		40E3D9E82BE2BB1F0070629A /* CartCells.swift in Sources */ = {isa = PBXBuildFile; fileRef = 40E3D9E72BE2BB1F0070629A /* CartCells.swift */; };
		40E3DA2C2BEA08B10070629A /* CheckOutViewController.swift in Sources */ = {isa = PBXBuildFile; fileRef = 40E3DA2B2BEA08B10070629A /* CheckOutViewController.swift */; };
		496028E52BD9EF4A00C3880B /* Inventory.swift in Sources */ = {isa = PBXBuildFile; fileRef = 496028E42BD9EF4A00C3880B /* Inventory.swift */; };
		496028E92BD9F8EA00C3880B /* inventory.json in Resources */ = {isa = PBXBuildFile; fileRef = 496028E82BD9F8EA00C3880B /* inventory.json */; };
		4993D5012BDF545A002E4CEF /* HomeCollectionViewCell.swift in Sources */ = {isa = PBXBuildFile; fileRef = 4993D5002BDF545A002E4CEF /* HomeCollectionViewCell.swift */; };
		49B7FCE62BD9A08800D049CD /* AccountViewController.swift in Sources */ = {isa = PBXBuildFile; fileRef = 49B7FCE52BD9A08800D049CD /* AccountViewController.swift */; };
		49B7FCE82BD9A3E700D049CD /* HomeViewController.swift in Sources */ = {isa = PBXBuildFile; fileRef = 49B7FCE72BD9A3E700D049CD /* HomeViewController.swift */; };
		49B7FCEA2BD9A43F00D049CD /* CartViewController.swift in Sources */ = {isa = PBXBuildFile; fileRef = 49B7FCE92BD9A43F00D049CD /* CartViewController.swift */; };
		49B7FCEC2BD9A56200D049CD /* MainTabBarController.swift in Sources */ = {isa = PBXBuildFile; fileRef = 49B7FCEB2BD9A56200D049CD /* MainTabBarController.swift */; };
		D08280BF2BE8595500B934B7 /* Log_inViewController.swift in Sources */ = {isa = PBXBuildFile; fileRef = D08280BE2BE8595500B934B7 /* Log_inViewController.swift */; };
		D08280C12BE8610E00B934B7 /* RegisterViewController.swift in Sources */ = {isa = PBXBuildFile; fileRef = D08280C02BE8610E00B934B7 /* RegisterViewController.swift */; };
/* End PBXBuildFile section */

/* Begin PBXContainerItemProxy section */
		405D39832BD6D8ED00F19347 /* PBXContainerItemProxy */ = {
			isa = PBXContainerItemProxy;
			containerPortal = 405D39642BD6D8EB00F19347 /* Project object */;
			proxyType = 1;
			remoteGlobalIDString = 405D396B2BD6D8EB00F19347;
			remoteInfo = "iOS App Final xCode";
		};
		405D398D2BD6D8ED00F19347 /* PBXContainerItemProxy */ = {
			isa = PBXContainerItemProxy;
			containerPortal = 405D39642BD6D8EB00F19347 /* Project object */;
			proxyType = 1;
			remoteGlobalIDString = 405D396B2BD6D8EB00F19347;
			remoteInfo = "iOS App Final xCode";
		};
/* End PBXContainerItemProxy section */

/* Begin PBXFileReference section */
		405D396C2BD6D8EB00F19347 /* iOS App Final xCode.app */ = {isa = PBXFileReference; explicitFileType = wrapper.application; includeInIndex = 0; path = "iOS App Final xCode.app"; sourceTree = BUILT_PRODUCTS_DIR; };
		405D396F2BD6D8EB00F19347 /* AppDelegate.swift */ = {isa = PBXFileReference; lastKnownFileType = sourcecode.swift; path = AppDelegate.swift; sourceTree = "<group>"; };
		405D39712BD6D8EB00F19347 /* SceneDelegate.swift */ = {isa = PBXFileReference; lastKnownFileType = sourcecode.swift; path = SceneDelegate.swift; sourceTree = "<group>"; };
		405D39762BD6D8EB00F19347 /* Base */ = {isa = PBXFileReference; lastKnownFileType = file.storyboard; name = Base; path = Base.lproj/Main.storyboard; sourceTree = "<group>"; };
		405D39782BD6D8EC00F19347 /* Assets.xcassets */ = {isa = PBXFileReference; lastKnownFileType = folder.assetcatalog; path = Assets.xcassets; sourceTree = "<group>"; };
		405D397B2BD6D8EC00F19347 /* Base */ = {isa = PBXFileReference; lastKnownFileType = file.storyboard; name = Base; path = Base.lproj/LaunchScreen.storyboard; sourceTree = "<group>"; };
		405D397D2BD6D8EC00F19347 /* Info.plist */ = {isa = PBXFileReference; lastKnownFileType = text.plist.xml; path = Info.plist; sourceTree = "<group>"; };
		405D39822BD6D8ED00F19347 /* iOS App Final xCodeTests.xctest */ = {isa = PBXFileReference; explicitFileType = wrapper.cfbundle; includeInIndex = 0; path = "iOS App Final xCodeTests.xctest"; sourceTree = BUILT_PRODUCTS_DIR; };
		405D39862BD6D8ED00F19347 /* iOS_App_Final_xCodeTests.swift */ = {isa = PBXFileReference; lastKnownFileType = sourcecode.swift; path = iOS_App_Final_xCodeTests.swift; sourceTree = "<group>"; };
		405D398C2BD6D8ED00F19347 /* iOS App Final xCodeUITests.xctest */ = {isa = PBXFileReference; explicitFileType = wrapper.cfbundle; includeInIndex = 0; path = "iOS App Final xCodeUITests.xctest"; sourceTree = BUILT_PRODUCTS_DIR; };
		405D39902BD6D8ED00F19347 /* iOS_App_Final_xCodeUITests.swift */ = {isa = PBXFileReference; lastKnownFileType = sourcecode.swift; path = iOS_App_Final_xCodeUITests.swift; sourceTree = "<group>"; };
		405D39922BD6D8ED00F19347 /* iOS_App_Final_xCodeUITestsLaunchTests.swift */ = {isa = PBXFileReference; lastKnownFileType = sourcecode.swift; path = iOS_App_Final_xCodeUITestsLaunchTests.swift; sourceTree = "<group>"; };
		405D3AA62BDC939200F19347 /* CheckOutCards.swift */ = {isa = PBXFileReference; lastKnownFileType = sourcecode.swift; path = CheckOutCards.swift; sourceTree = "<group>"; };
		40E3D9E02BDF3EBA0070629A /* CheckOutList.swift */ = {isa = PBXFileReference; lastKnownFileType = sourcecode.swift; path = CheckOutList.swift; sourceTree = "<group>"; };
		40E3D9E22BE1DC9A0070629A /* CheckOutButton.swift */ = {isa = PBXFileReference; lastKnownFileType = sourcecode.swift; path = CheckOutButton.swift; sourceTree = "<group>"; };
		40E3D9E52BE1F5890070629A /* CartView.swift */ = {isa = PBXFileReference; lastKnownFileType = sourcecode.swift; path = CartView.swift; sourceTree = "<group>"; };
		40E3D9E72BE2BB1F0070629A /* CartCells.swift */ = {isa = PBXFileReference; lastKnownFileType = sourcecode.swift; path = CartCells.swift; sourceTree = "<group>"; };
		40E3DA2B2BEA08B10070629A /* CheckOutViewController.swift */ = {isa = PBXFileReference; lastKnownFileType = sourcecode.swift; path = CheckOutViewController.swift; sourceTree = "<group>"; };
		496028E42BD9EF4A00C3880B /* Inventory.swift */ = {isa = PBXFileReference; lastKnownFileType = sourcecode.swift; path = Inventory.swift; sourceTree = "<group>"; };
		496028E82BD9F8EA00C3880B /* inventory.json */ = {isa = PBXFileReference; lastKnownFileType = text.json; path = inventory.json; sourceTree = "<group>"; };
		4993D5002BDF545A002E4CEF /* HomeCollectionViewCell.swift */ = {isa = PBXFileReference; lastKnownFileType = sourcecode.swift; path = HomeCollectionViewCell.swift; sourceTree = "<group>"; };
		49B7FCE52BD9A08800D049CD /* AccountViewController.swift */ = {isa = PBXFileReference; lastKnownFileType = sourcecode.swift; path = AccountViewController.swift; sourceTree = "<group>"; };
		49B7FCE72BD9A3E700D049CD /* HomeViewController.swift */ = {isa = PBXFileReference; lastKnownFileType = sourcecode.swift; path = HomeViewController.swift; sourceTree = "<group>"; };
		49B7FCE92BD9A43F00D049CD /* CartViewController.swift */ = {isa = PBXFileReference; lastKnownFileType = sourcecode.swift; path = CartViewController.swift; sourceTree = "<group>"; };
		49B7FCEB2BD9A56200D049CD /* MainTabBarController.swift */ = {isa = PBXFileReference; lastKnownFileType = sourcecode.swift; path = MainTabBarController.swift; sourceTree = "<group>"; };
		D08280BE2BE8595500B934B7 /* Log_inViewController.swift */ = {isa = PBXFileReference; lastKnownFileType = sourcecode.swift; path = Log_inViewController.swift; sourceTree = "<group>"; };
		D08280C02BE8610E00B934B7 /* RegisterViewController.swift */ = {isa = PBXFileReference; lastKnownFileType = sourcecode.swift; path = RegisterViewController.swift; sourceTree = "<group>"; };
/* End PBXFileReference section */

/* Begin PBXFrameworksBuildPhase section */
		405D39692BD6D8EB00F19347 /* Frameworks */ = {
			isa = PBXFrameworksBuildPhase;
			buildActionMask = 2147483647;
			files = (
			);
			runOnlyForDeploymentPostprocessing = 0;
		};
		405D397F2BD6D8EC00F19347 /* Frameworks */ = {
			isa = PBXFrameworksBuildPhase;
			buildActionMask = 2147483647;
			files = (
			);
			runOnlyForDeploymentPostprocessing = 0;
		};
		405D39892BD6D8ED00F19347 /* Frameworks */ = {
			isa = PBXFrameworksBuildPhase;
			buildActionMask = 2147483647;
			files = (
			);
			runOnlyForDeploymentPostprocessing = 0;
		};
/* End PBXFrameworksBuildPhase section */

/* Begin PBXGroup section */
		405D39632BD6D8EB00F19347 = {
			isa = PBXGroup;
			children = (
				405D396E2BD6D8EB00F19347 /* iOS App Final xCode */,
				405D39852BD6D8ED00F19347 /* iOS App Final xCodeTests */,
				405D398F2BD6D8ED00F19347 /* iOS App Final xCodeUITests */,
				405D396D2BD6D8EB00F19347 /* Products */,
			);
			sourceTree = "<group>";
		};
		405D396D2BD6D8EB00F19347 /* Products */ = {
			isa = PBXGroup;
			children = (
				405D396C2BD6D8EB00F19347 /* iOS App Final xCode.app */,
				405D39822BD6D8ED00F19347 /* iOS App Final xCodeTests.xctest */,
				405D398C2BD6D8ED00F19347 /* iOS App Final xCodeUITests.xctest */,
			);
			name = Products;
			sourceTree = "<group>";
		};
		405D396E2BD6D8EB00F19347 /* iOS App Final xCode */ = {
			isa = PBXGroup;
			children = (
				D08280BD2BE8591A00B934B7 /* Segments */,
				405D396F2BD6D8EB00F19347 /* AppDelegate.swift */,
				405D39712BD6D8EB00F19347 /* SceneDelegate.swift */,
				405D39752BD6D8EB00F19347 /* Main.storyboard */,
				4993D5002BDF545A002E4CEF /* HomeCollectionViewCell.swift */,
				496028E82BD9F8EA00C3880B /* inventory.json */,
				405D39782BD6D8EC00F19347 /* Assets.xcassets */,
				405D397A2BD6D8EC00F19347 /* LaunchScreen.storyboard */,
				405D397D2BD6D8EC00F19347 /* Info.plist */,
				49B7FCEB2BD9A56200D049CD /* MainTabBarController.swift */,
				496028E42BD9EF4A00C3880B /* Inventory.swift */,
				49B7FCE92BD9A43F00D049CD /* CartViewController.swift */,
				40E3DA2B2BEA08B10070629A /* CheckOutViewController.swift */,
				49B7FCE72BD9A3E700D049CD /* HomeViewController.swift */,
				49B7FCE52BD9A08800D049CD /* AccountViewController.swift */,
				405D3AA52BDC935100F19347 /* Check Out Components */,
			);
			path = "iOS App Final xCode";
			sourceTree = "<group>";
		};
		405D39852BD6D8ED00F19347 /* iOS App Final xCodeTests */ = {
			isa = PBXGroup;
			children = (
				405D39862BD6D8ED00F19347 /* iOS_App_Final_xCodeTests.swift */,
			);
			path = "iOS App Final xCodeTests";
			sourceTree = "<group>";
		};
		405D398F2BD6D8ED00F19347 /* iOS App Final xCodeUITests */ = {
			isa = PBXGroup;
			children = (
				405D39902BD6D8ED00F19347 /* iOS_App_Final_xCodeUITests.swift */,
				405D39922BD6D8ED00F19347 /* iOS_App_Final_xCodeUITestsLaunchTests.swift */,
			);
			path = "iOS App Final xCodeUITests";
			sourceTree = "<group>";
		};
		405D3AA52BDC935100F19347 /* Check Out Components */ = {
			isa = PBXGroup;
			children = (
				405D3AA62BDC939200F19347 /* CheckOutCards.swift */,
				40E3D9E02BDF3EBA0070629A /* CheckOutList.swift */,
				40E3D9E22BE1DC9A0070629A /* CheckOutButton.swift */,
				40E3D9E52BE1F5890070629A /* CartView.swift */,
				40E3D9E72BE2BB1F0070629A /* CartCells.swift */,
			);
			path = "Check Out Components";
			sourceTree = "<group>";
		};
		D08280BD2BE8591A00B934B7 /* Segments */ = {
			isa = PBXGroup;
			children = (
				D08280BE2BE8595500B934B7 /* Log_inViewController.swift */,
				D08280C02BE8610E00B934B7 /* RegisterViewController.swift */,
			);
			path = Segments;
			sourceTree = "<group>";
		};
/* End PBXGroup section */

/* Begin PBXNativeTarget section */
		405D396B2BD6D8EB00F19347 /* iOS App Final xCode */ = {
			isa = PBXNativeTarget;
			buildConfigurationList = 405D39962BD6D8ED00F19347 /* Build configuration list for PBXNativeTarget "iOS App Final xCode" */;
			buildPhases = (
				405D39682BD6D8EB00F19347 /* Sources */,
				405D39692BD6D8EB00F19347 /* Frameworks */,
				405D396A2BD6D8EB00F19347 /* Resources */,
			);
			buildRules = (
			);
			dependencies = (
			);
			name = "iOS App Final xCode";
			productName = "iOS App Final xCode";
			productReference = 405D396C2BD6D8EB00F19347 /* iOS App Final xCode.app */;
			productType = "com.apple.product-type.application";
		};
		405D39812BD6D8EC00F19347 /* iOS App Final xCodeTests */ = {
			isa = PBXNativeTarget;
			buildConfigurationList = 405D39992BD6D8ED00F19347 /* Build configuration list for PBXNativeTarget "iOS App Final xCodeTests" */;
			buildPhases = (
				405D397E2BD6D8EC00F19347 /* Sources */,
				405D397F2BD6D8EC00F19347 /* Frameworks */,
				405D39802BD6D8EC00F19347 /* Resources */,
			);
			buildRules = (
			);
			dependencies = (
				405D39842BD6D8ED00F19347 /* PBXTargetDependency */,
			);
			name = "iOS App Final xCodeTests";
			productName = "iOS App Final xCodeTests";
			productReference = 405D39822BD6D8ED00F19347 /* iOS App Final xCodeTests.xctest */;
			productType = "com.apple.product-type.bundle.unit-test";
		};
		405D398B2BD6D8ED00F19347 /* iOS App Final xCodeUITests */ = {
			isa = PBXNativeTarget;
			buildConfigurationList = 405D399C2BD6D8ED00F19347 /* Build configuration list for PBXNativeTarget "iOS App Final xCodeUITests" */;
			buildPhases = (
				405D39882BD6D8ED00F19347 /* Sources */,
				405D39892BD6D8ED00F19347 /* Frameworks */,
				405D398A2BD6D8ED00F19347 /* Resources */,
			);
			buildRules = (
			);
			dependencies = (
				405D398E2BD6D8ED00F19347 /* PBXTargetDependency */,
			);
			name = "iOS App Final xCodeUITests";
			productName = "iOS App Final xCodeUITests";
			productReference = 405D398C2BD6D8ED00F19347 /* iOS App Final xCodeUITests.xctest */;
			productType = "com.apple.product-type.bundle.ui-testing";
		};
/* End PBXNativeTarget section */

/* Begin PBXProject section */
		405D39642BD6D8EB00F19347 /* Project object */ = {
			isa = PBXProject;
			attributes = {
				BuildIndependentTargetsInParallel = 1;
				LastSwiftUpdateCheck = 1530;
				LastUpgradeCheck = 1530;
				TargetAttributes = {
					405D396B2BD6D8EB00F19347 = {
						CreatedOnToolsVersion = 15.3;
					};
					405D39812BD6D8EC00F19347 = {
						CreatedOnToolsVersion = 15.3;
						TestTargetID = 405D396B2BD6D8EB00F19347;
					};
					405D398B2BD6D8ED00F19347 = {
						CreatedOnToolsVersion = 15.3;
						TestTargetID = 405D396B2BD6D8EB00F19347;
					};
				};
			};
			buildConfigurationList = 405D39672BD6D8EB00F19347 /* Build configuration list for PBXProject "iOS App Final xCode" */;
			compatibilityVersion = "Xcode 13.0";
			developmentRegion = en;
			hasScannedForEncodings = 0;
			knownRegions = (
				en,
				Base,
			);
			mainGroup = 405D39632BD6D8EB00F19347;
			productRefGroup = 405D396D2BD6D8EB00F19347 /* Products */;
			projectDirPath = "";
			projectRoot = "";
			targets = (
				405D396B2BD6D8EB00F19347 /* iOS App Final xCode */,
				405D39812BD6D8EC00F19347 /* iOS App Final xCodeTests */,
				405D398B2BD6D8ED00F19347 /* iOS App Final xCodeUITests */,
			);
		};
/* End PBXProject section */

/* Begin PBXResourcesBuildPhase section */
		405D396A2BD6D8EB00F19347 /* Resources */ = {
			isa = PBXResourcesBuildPhase;
			buildActionMask = 2147483647;
			files = (
				496028E92BD9F8EA00C3880B /* inventory.json in Resources */,
				405D39792BD6D8EC00F19347 /* Assets.xcassets in Resources */,
				405D397C2BD6D8EC00F19347 /* Base in Resources */,
				405D39772BD6D8EB00F19347 /* Base in Resources */,
			);
			runOnlyForDeploymentPostprocessing = 0;
		};
		405D39802BD6D8EC00F19347 /* Resources */ = {
			isa = PBXResourcesBuildPhase;
			buildActionMask = 2147483647;
			files = (
			);
			runOnlyForDeploymentPostprocessing = 0;
		};
		405D398A2BD6D8ED00F19347 /* Resources */ = {
			isa = PBXResourcesBuildPhase;
			buildActionMask = 2147483647;
			files = (
			);
			runOnlyForDeploymentPostprocessing = 0;
		};
/* End PBXResourcesBuildPhase section */

/* Begin PBXSourcesBuildPhase section */
		405D39682BD6D8EB00F19347 /* Sources */ = {
			isa = PBXSourcesBuildPhase;
			buildActionMask = 2147483647;
			files = (
				405D39702BD6D8EB00F19347 /* AppDelegate.swift in Sources */,
				405D3AA72BDC939200F19347 /* CheckOutCards.swift in Sources */,
				49B7FCE62BD9A08800D049CD /* AccountViewController.swift in Sources */,
				40E3D9E12BDF3EBA0070629A /* CheckOutList.swift in Sources */,
				496028E52BD9EF4A00C3880B /* Inventory.swift in Sources */,
				40E3D9E82BE2BB1F0070629A /* CartCells.swift in Sources */,
				D08280C12BE8610E00B934B7 /* RegisterViewController.swift in Sources */,
				49B7FCEC2BD9A56200D049CD /* MainTabBarController.swift in Sources */,
				40E3D9E62BE1F5890070629A /* CartView.swift in Sources */,
				D08280BF2BE8595500B934B7 /* Log_inViewController.swift in Sources */,
				49B7FCEA2BD9A43F00D049CD /* CartViewController.swift in Sources */,
				405D39722BD6D8EB00F19347 /* SceneDelegate.swift in Sources */,
				40E3DA2C2BEA08B10070629A /* CheckOutViewController.swift in Sources */,
				40E3D9E32BE1DC9A0070629A /* CheckOutButton.swift in Sources */,
				49B7FCE82BD9A3E700D049CD /* HomeViewController.swift in Sources */,
				4993D5012BDF545A002E4CEF /* HomeCollectionViewCell.swift in Sources */,
			);
			runOnlyForDeploymentPostprocessing = 0;
		};
		405D397E2BD6D8EC00F19347 /* Sources */ = {
			isa = PBXSourcesBuildPhase;
			buildActionMask = 2147483647;
			files = (
				405D39872BD6D8ED00F19347 /* iOS_App_Final_xCodeTests.swift in Sources */,
			);
			runOnlyForDeploymentPostprocessing = 0;
		};
		405D39882BD6D8ED00F19347 /* Sources */ = {
			isa = PBXSourcesBuildPhase;
			buildActionMask = 2147483647;
			files = (
				405D39912BD6D8ED00F19347 /* iOS_App_Final_xCodeUITests.swift in Sources */,
				405D39932BD6D8ED00F19347 /* iOS_App_Final_xCodeUITestsLaunchTests.swift in Sources */,
			);
			runOnlyForDeploymentPostprocessing = 0;
		};
/* End PBXSourcesBuildPhase section */

/* Begin PBXTargetDependency section */
		405D39842BD6D8ED00F19347 /* PBXTargetDependency */ = {
			isa = PBXTargetDependency;
			target = 405D396B2BD6D8EB00F19347 /* iOS App Final xCode */;
			targetProxy = 405D39832BD6D8ED00F19347 /* PBXContainerItemProxy */;
		};
		405D398E2BD6D8ED00F19347 /* PBXTargetDependency */ = {
			isa = PBXTargetDependency;
			target = 405D396B2BD6D8EB00F19347 /* iOS App Final xCode */;
			targetProxy = 405D398D2BD6D8ED00F19347 /* PBXContainerItemProxy */;
		};
/* End PBXTargetDependency section */

/* Begin PBXVariantGroup section */
		405D39752BD6D8EB00F19347 /* Main.storyboard */ = {
			isa = PBXVariantGroup;
			children = (
				405D39762BD6D8EB00F19347 /* Base */,
			);
			name = Main.storyboard;
			sourceTree = "<group>";
		};
		405D397A2BD6D8EC00F19347 /* LaunchScreen.storyboard */ = {
			isa = PBXVariantGroup;
			children = (
				405D397B2BD6D8EC00F19347 /* Base */,
			);
			name = LaunchScreen.storyboard;
			sourceTree = "<group>";
		};
/* End PBXVariantGroup section */

/* Begin XCBuildConfiguration section */
		405D39942BD6D8ED00F19347 /* Debug */ = {
			isa = XCBuildConfiguration;
			buildSettings = {
				ALWAYS_SEARCH_USER_PATHS = NO;
				ASSETCATALOG_COMPILER_GENERATE_SWIFT_ASSET_SYMBOL_EXTENSIONS = YES;
				CLANG_ANALYZER_NONNULL = YES;
				CLANG_ANALYZER_NUMBER_OBJECT_CONVERSION = YES_AGGRESSIVE;
				CLANG_CXX_LANGUAGE_STANDARD = "gnu++20";
				CLANG_ENABLE_MODULES = YES;
				CLANG_ENABLE_OBJC_ARC = YES;
				CLANG_ENABLE_OBJC_WEAK = YES;
				CLANG_WARN_BLOCK_CAPTURE_AUTORELEASING = YES;
				CLANG_WARN_BOOL_CONVERSION = YES;
				CLANG_WARN_COMMA = YES;
				CLANG_WARN_CONSTANT_CONVERSION = YES;
				CLANG_WARN_DEPRECATED_OBJC_IMPLEMENTATIONS = YES;
				CLANG_WARN_DIRECT_OBJC_ISA_USAGE = YES_ERROR;
				CLANG_WARN_DOCUMENTATION_COMMENTS = YES;
				CLANG_WARN_EMPTY_BODY = YES;
				CLANG_WARN_ENUM_CONVERSION = YES;
				CLANG_WARN_INFINITE_RECURSION = YES;
				CLANG_WARN_INT_CONVERSION = YES;
				CLANG_WARN_NON_LITERAL_NULL_CONVERSION = YES;
				CLANG_WARN_OBJC_IMPLICIT_RETAIN_SELF = YES;
				CLANG_WARN_OBJC_LITERAL_CONVERSION = YES;
				CLANG_WARN_OBJC_ROOT_CLASS = YES_ERROR;
				CLANG_WARN_QUOTED_INCLUDE_IN_FRAMEWORK_HEADER = YES;
				CLANG_WARN_RANGE_LOOP_ANALYSIS = YES;
				CLANG_WARN_STRICT_PROTOTYPES = YES;
				CLANG_WARN_SUSPICIOUS_MOVE = YES;
				CLANG_WARN_UNGUARDED_AVAILABILITY = YES_AGGRESSIVE;
				CLANG_WARN_UNREACHABLE_CODE = YES;
				CLANG_WARN__DUPLICATE_METHOD_MATCH = YES;
				COPY_PHASE_STRIP = NO;
				DEBUG_INFORMATION_FORMAT = dwarf;
				ENABLE_STRICT_OBJC_MSGSEND = YES;
				ENABLE_TESTABILITY = YES;
				ENABLE_USER_SCRIPT_SANDBOXING = YES;
				GCC_C_LANGUAGE_STANDARD = gnu17;
				GCC_DYNAMIC_NO_PIC = NO;
				GCC_NO_COMMON_BLOCKS = YES;
				GCC_OPTIMIZATION_LEVEL = 0;
				GCC_PREPROCESSOR_DEFINITIONS = (
					"DEBUG=1",
					"$(inherited)",
				);
				GCC_WARN_64_TO_32_BIT_CONVERSION = YES;
				GCC_WARN_ABOUT_RETURN_TYPE = YES_ERROR;
				GCC_WARN_UNDECLARED_SELECTOR = YES;
				GCC_WARN_UNINITIALIZED_AUTOS = YES_AGGRESSIVE;
				GCC_WARN_UNUSED_FUNCTION = YES;
				GCC_WARN_UNUSED_VARIABLE = YES;
				IPHONEOS_DEPLOYMENT_TARGET = 17.4;
				LOCALIZATION_PREFERS_STRING_CATALOGS = YES;
				MTL_ENABLE_DEBUG_INFO = INCLUDE_SOURCE;
				MTL_FAST_MATH = YES;
				ONLY_ACTIVE_ARCH = YES;
				SDKROOT = iphoneos;
				SWIFT_ACTIVE_COMPILATION_CONDITIONS = "DEBUG $(inherited)";
				SWIFT_OPTIMIZATION_LEVEL = "-Onone";
			};
			name = Debug;
		};
		405D39952BD6D8ED00F19347 /* Release */ = {
			isa = XCBuildConfiguration;
			buildSettings = {
				ALWAYS_SEARCH_USER_PATHS = NO;
				ASSETCATALOG_COMPILER_GENERATE_SWIFT_ASSET_SYMBOL_EXTENSIONS = YES;
				CLANG_ANALYZER_NONNULL = YES;
				CLANG_ANALYZER_NUMBER_OBJECT_CONVERSION = YES_AGGRESSIVE;
				CLANG_CXX_LANGUAGE_STANDARD = "gnu++20";
				CLANG_ENABLE_MODULES = YES;
				CLANG_ENABLE_OBJC_ARC = YES;
				CLANG_ENABLE_OBJC_WEAK = YES;
				CLANG_WARN_BLOCK_CAPTURE_AUTORELEASING = YES;
				CLANG_WARN_BOOL_CONVERSION = YES;
				CLANG_WARN_COMMA = YES;
				CLANG_WARN_CONSTANT_CONVERSION = YES;
				CLANG_WARN_DEPRECATED_OBJC_IMPLEMENTATIONS = YES;
				CLANG_WARN_DIRECT_OBJC_ISA_USAGE = YES_ERROR;
				CLANG_WARN_DOCUMENTATION_COMMENTS = YES;
				CLANG_WARN_EMPTY_BODY = YES;
				CLANG_WARN_ENUM_CONVERSION = YES;
				CLANG_WARN_INFINITE_RECURSION = YES;
				CLANG_WARN_INT_CONVERSION = YES;
				CLANG_WARN_NON_LITERAL_NULL_CONVERSION = YES;
				CLANG_WARN_OBJC_IMPLICIT_RETAIN_SELF = YES;
				CLANG_WARN_OBJC_LITERAL_CONVERSION = YES;
				CLANG_WARN_OBJC_ROOT_CLASS = YES_ERROR;
				CLANG_WARN_QUOTED_INCLUDE_IN_FRAMEWORK_HEADER = YES;
				CLANG_WARN_RANGE_LOOP_ANALYSIS = YES;
				CLANG_WARN_STRICT_PROTOTYPES = YES;
				CLANG_WARN_SUSPICIOUS_MOVE = YES;
				CLANG_WARN_UNGUARDED_AVAILABILITY = YES_AGGRESSIVE;
				CLANG_WARN_UNREACHABLE_CODE = YES;
				CLANG_WARN__DUPLICATE_METHOD_MATCH = YES;
				COPY_PHASE_STRIP = NO;
				DEBUG_INFORMATION_FORMAT = "dwarf-with-dsym";
				ENABLE_NS_ASSERTIONS = NO;
				ENABLE_STRICT_OBJC_MSGSEND = YES;
				ENABLE_USER_SCRIPT_SANDBOXING = YES;
				GCC_C_LANGUAGE_STANDARD = gnu17;
				GCC_NO_COMMON_BLOCKS = YES;
				GCC_WARN_64_TO_32_BIT_CONVERSION = YES;
				GCC_WARN_ABOUT_RETURN_TYPE = YES_ERROR;
				GCC_WARN_UNDECLARED_SELECTOR = YES;
				GCC_WARN_UNINITIALIZED_AUTOS = YES_AGGRESSIVE;
				GCC_WARN_UNUSED_FUNCTION = YES;
				GCC_WARN_UNUSED_VARIABLE = YES;
				IPHONEOS_DEPLOYMENT_TARGET = 17.4;
				LOCALIZATION_PREFERS_STRING_CATALOGS = YES;
				MTL_ENABLE_DEBUG_INFO = NO;
				MTL_FAST_MATH = YES;
				SDKROOT = iphoneos;
				SWIFT_COMPILATION_MODE = wholemodule;
				VALIDATE_PRODUCT = YES;
			};
			name = Release;
		};
		405D39972BD6D8ED00F19347 /* Debug */ = {
			isa = XCBuildConfiguration;
			buildSettings = {
				ASSETCATALOG_COMPILER_APPICON_NAME = AppIcon;
				ASSETCATALOG_COMPILER_GLOBAL_ACCENT_COLOR_NAME = AccentColor;
				CODE_SIGN_STYLE = Automatic;
				CURRENT_PROJECT_VERSION = 1;
				DEVELOPMENT_TEAM = QP73CB3C4C;
				GENERATE_INFOPLIST_FILE = YES;
				INFOPLIST_FILE = "iOS App Final xCode/Info.plist";
				INFOPLIST_KEY_UIApplicationSupportsIndirectInputEvents = YES;
				INFOPLIST_KEY_UILaunchStoryboardName = LaunchScreen;
				INFOPLIST_KEY_UIMainStoryboardFile = Main;
				INFOPLIST_KEY_UISupportedInterfaceOrientations_iPad = "UIInterfaceOrientationPortrait UIInterfaceOrientationPortraitUpsideDown UIInterfaceOrientationLandscapeLeft UIInterfaceOrientationLandscapeRight";
				INFOPLIST_KEY_UISupportedInterfaceOrientations_iPhone = "UIInterfaceOrientationPortrait UIInterfaceOrientationLandscapeLeft UIInterfaceOrientationLandscapeRight";
				IPHONEOS_DEPLOYMENT_TARGET = 17.2;
				LD_RUNPATH_SEARCH_PATHS = (
					"$(inherited)",
					"@executable_path/Frameworks",
				);
				MARKETING_VERSION = 1.0;
				PRODUCT_BUNDLE_IDENTIFIER = "group1.iOS-App-Final-xCode";
				PRODUCT_NAME = "$(TARGET_NAME)";
				SWIFT_EMIT_LOC_STRINGS = YES;
				SWIFT_VERSION = 5.0;
				TARGETED_DEVICE_FAMILY = "1,2";
			};
			name = Debug;
		};
		405D39982BD6D8ED00F19347 /* Release */ = {
			isa = XCBuildConfiguration;
			buildSettings = {
				ASSETCATALOG_COMPILER_APPICON_NAME = AppIcon;
				ASSETCATALOG_COMPILER_GLOBAL_ACCENT_COLOR_NAME = AccentColor;
				CODE_SIGN_STYLE = Automatic;
				CURRENT_PROJECT_VERSION = 1;
				DEVELOPMENT_TEAM = QP73CB3C4C;
				GENERATE_INFOPLIST_FILE = YES;
				INFOPLIST_FILE = "iOS App Final xCode/Info.plist";
				INFOPLIST_KEY_UIApplicationSupportsIndirectInputEvents = YES;
				INFOPLIST_KEY_UILaunchStoryboardName = LaunchScreen;
				INFOPLIST_KEY_UIMainStoryboardFile = Main;
				INFOPLIST_KEY_UISupportedInterfaceOrientations_iPad = "UIInterfaceOrientationPortrait UIInterfaceOrientationPortraitUpsideDown UIInterfaceOrientationLandscapeLeft UIInterfaceOrientationLandscapeRight";
				INFOPLIST_KEY_UISupportedInterfaceOrientations_iPhone = "UIInterfaceOrientationPortrait UIInterfaceOrientationLandscapeLeft UIInterfaceOrientationLandscapeRight";
				IPHONEOS_DEPLOYMENT_TARGET = 17.2;
				LD_RUNPATH_SEARCH_PATHS = (
					"$(inherited)",
					"@executable_path/Frameworks",
				);
				MARKETING_VERSION = 1.0;
				PRODUCT_BUNDLE_IDENTIFIER = "group1.iOS-App-Final-xCode";
				PRODUCT_NAME = "$(TARGET_NAME)";
				SWIFT_EMIT_LOC_STRINGS = YES;
				SWIFT_VERSION = 5.0;
				TARGETED_DEVICE_FAMILY = "1,2";
			};
			name = Release;
		};
		405D399A2BD6D8ED00F19347 /* Debug */ = {
			isa = XCBuildConfiguration;
			buildSettings = {
				ALWAYS_EMBED_SWIFT_STANDARD_LIBRARIES = YES;
				BUNDLE_LOADER = "$(TEST_HOST)";
				CODE_SIGN_STYLE = Automatic;
				CURRENT_PROJECT_VERSION = 1;
				GENERATE_INFOPLIST_FILE = YES;
				IPHONEOS_DEPLOYMENT_TARGET = 17.4;
				MARKETING_VERSION = 1.0;
				PRODUCT_BUNDLE_IDENTIFIER = "group1.iOS-App-Final-xCodeTests";
				PRODUCT_NAME = "$(TARGET_NAME)";
				SWIFT_EMIT_LOC_STRINGS = NO;
				SWIFT_VERSION = 5.0;
				TARGETED_DEVICE_FAMILY = "1,2";
				TEST_HOST = "$(BUILT_PRODUCTS_DIR)/iOS App Final xCode.app/$(BUNDLE_EXECUTABLE_FOLDER_PATH)/iOS App Final xCode";
			};
			name = Debug;
		};
		405D399B2BD6D8ED00F19347 /* Release */ = {
			isa = XCBuildConfiguration;
			buildSettings = {
				ALWAYS_EMBED_SWIFT_STANDARD_LIBRARIES = YES;
				BUNDLE_LOADER = "$(TEST_HOST)";
				CODE_SIGN_STYLE = Automatic;
				CURRENT_PROJECT_VERSION = 1;
				GENERATE_INFOPLIST_FILE = YES;
				IPHONEOS_DEPLOYMENT_TARGET = 17.4;
				MARKETING_VERSION = 1.0;
				PRODUCT_BUNDLE_IDENTIFIER = "group1.iOS-App-Final-xCodeTests";
				PRODUCT_NAME = "$(TARGET_NAME)";
				SWIFT_EMIT_LOC_STRINGS = NO;
				SWIFT_VERSION = 5.0;
				TARGETED_DEVICE_FAMILY = "1,2";
				TEST_HOST = "$(BUILT_PRODUCTS_DIR)/iOS App Final xCode.app/$(BUNDLE_EXECUTABLE_FOLDER_PATH)/iOS App Final xCode";
			};
			name = Release;
		};
		405D399D2BD6D8ED00F19347 /* Debug */ = {
			isa = XCBuildConfiguration;
			buildSettings = {
				ALWAYS_EMBED_SWIFT_STANDARD_LIBRARIES = YES;
				CODE_SIGN_STYLE = Automatic;
				CURRENT_PROJECT_VERSION = 1;
				GENERATE_INFOPLIST_FILE = YES;
				MARKETING_VERSION = 1.0;
				PRODUCT_BUNDLE_IDENTIFIER = "group1.iOS-App-Final-xCodeUITests";
				PRODUCT_NAME = "$(TARGET_NAME)";
				SWIFT_EMIT_LOC_STRINGS = NO;
				SWIFT_VERSION = 5.0;
				TARGETED_DEVICE_FAMILY = "1,2";
				TEST_TARGET_NAME = "iOS App Final xCode";
			};
			name = Debug;
		};
		405D399E2BD6D8ED00F19347 /* Release */ = {
			isa = XCBuildConfiguration;
			buildSettings = {
				ALWAYS_EMBED_SWIFT_STANDARD_LIBRARIES = YES;
				CODE_SIGN_STYLE = Automatic;
				CURRENT_PROJECT_VERSION = 1;
				GENERATE_INFOPLIST_FILE = YES;
				MARKETING_VERSION = 1.0;
				PRODUCT_BUNDLE_IDENTIFIER = "group1.iOS-App-Final-xCodeUITests";
				PRODUCT_NAME = "$(TARGET_NAME)";
				SWIFT_EMIT_LOC_STRINGS = NO;
				SWIFT_VERSION = 5.0;
				TARGETED_DEVICE_FAMILY = "1,2";
				TEST_TARGET_NAME = "iOS App Final xCode";
			};
			name = Release;
		};
/* End XCBuildConfiguration section */

/* Begin XCConfigurationList section */
		405D39672BD6D8EB00F19347 /* Build configuration list for PBXProject "iOS App Final xCode" */ = {
			isa = XCConfigurationList;
			buildConfigurations = (
				405D39942BD6D8ED00F19347 /* Debug */,
				405D39952BD6D8ED00F19347 /* Release */,
			);
			defaultConfigurationIsVisible = 0;
			defaultConfigurationName = Release;
		};
		405D39962BD6D8ED00F19347 /* Build configuration list for PBXNativeTarget "iOS App Final xCode" */ = {
			isa = XCConfigurationList;
			buildConfigurations = (
				405D39972BD6D8ED00F19347 /* Debug */,
				405D39982BD6D8ED00F19347 /* Release */,
			);
			defaultConfigurationIsVisible = 0;
			defaultConfigurationName = Release;
		};
		405D39992BD6D8ED00F19347 /* Build configuration list for PBXNativeTarget "iOS App Final xCodeTests" */ = {
			isa = XCConfigurationList;
			buildConfigurations = (
				405D399A2BD6D8ED00F19347 /* Debug */,
				405D399B2BD6D8ED00F19347 /* Release */,
			);
			defaultConfigurationIsVisible = 0;
			defaultConfigurationName = Release;
		};
		405D399C2BD6D8ED00F19347 /* Build configuration list for PBXNativeTarget "iOS App Final xCodeUITests" */ = {
			isa = XCConfigurationList;
			buildConfigurations = (
				405D399D2BD6D8ED00F19347 /* Debug */,
				405D399E2BD6D8ED00F19347 /* Release */,
			);
			defaultConfigurationIsVisible = 0;
			defaultConfigurationName = Release;
		};
/* End XCConfigurationList section */
	};
	rootObject = 405D39642BD6D8EB00F19347 /* Project object */;
}
